
Microsoft Visual Studio Solution File, Format Version 12.00
# Visual Studio 15
VisualStudioVersion = 15.0.28307.757
MinimumVisualStudioVersion = 10.0.40219.1
Project("{FAE04EC0-301F-11D3-BF4B-00C04F79EFBC}") = "CamCalibration", "CamCalibration\CamCalibration.csproj", "{62518E9E-A3A7-4E2D-A0F1-138A960F26E5}"
EndProject
Global
	GlobalSection(SolutionConfigurationPlatforms) = preSolution
		Debug|Any CPU = Debug|Any CPU
		Debug|x64 = Debug|x64
		Release|Any CPU = Release|Any CPU
		Release|x64 = Release|x64
	EndGlobalSection
	GlobalSection(ProjectConfigurationPlatforms) = postSolution
		{62518E9E-A3A7-4E2D-A0F1-138A960F26E5}.Debug|Any CPU.ActiveCfg = Debug|Any CPU
		{62518E9E-A3A7-4E2D-A0F1-138A960F26E5}.Debug|Any CPU.Build.0 = Debug|Any CPU
		{62518E9E-A3A7-4E2D-A0F1-138A960F26E5}.Debug|x64.ActiveCfg = Debug|x64
		{62518E9E-A3A7-4E2D-A0F1-138A960F26E5}.Debug|x64.Build.0 = Debug|x64
		{62518E9E-A3A7-4E2D-A0F1-138A960F26E5}.Release|Any CPU.ActiveCfg = Release|Any CPU
		{62518E9E-A3A7-4E2D-A0F1-138A960F26E5}.Release|Any CPU.Build.0 = Release|Any CPU
		{62518E9E-A3A7-4E2D-A0F1-138A960F26E5}.Release|x64.ActiveCfg = Release|x64
		{62518E9E-A3A7-4E2D-A0F1-138A960F26E5}.Release|x64.Build.0 = Release|x64
	EndGlobalSection
	GlobalSection(SolutionProperties) = preSolution
		HideSolutionNode = FALSE
	EndGlobalSection
	GlobalSection(ExtensibilityGlobals) = postSolution
		SolutionGuid = {B923111A-01D7-423C-A2A7-3AB439C4D520}
	EndGlobalSection
EndGlobal
